
Microsoft Visual Studio Solution File, Format Version 12.00
# Visual Studio 15
VisualStudioVersion = 15.0.28307.106
MinimumVisualStudioVersion = 10.0.40219.1
Project("{9A19103F-16F7-4668-BE54-9A1E7A4F7556}") = "FileSharingClient", "FileSharingClient\FileSharingClient.csproj", "{DC0AB95D-F0E9-4CE7-8B39-9C6C711A6B4F}"
EndProject
Global
	GlobalSection(SolutionConfigurationPlatforms) = preSolution
		Debug|Any CPU = Debug|Any CPU
		Release|Any CPU = Release|Any CPU
	EndGlobalSection
	GlobalSection(ProjectConfigurationPlatforms) = postSolution
		{DC0AB95D-F0E9-4CE7-8B39-9C6C711A6B4F}.Debug|Any CPU.ActiveCfg = Debug|Any CPU
		{DC0AB95D-F0E9-4CE7-8B39-9C6C711A6B4F}.Debug|Any CPU.Build.0 = Debug|Any CPU
		{DC0AB95D-F0E9-4CE7-8B39-9C6C711A6B4F}.Release|Any CPU.ActiveCfg = Release|Any CPU
		{DC0AB95D-F0E9-4CE7-8B39-9C6C711A6B4F}.Release|Any CPU.Build.0 = Release|Any CPU
	EndGlobalSection
	GlobalSection(SolutionProperties) = preSolution
		HideSolutionNode = FALSE
	EndGlobalSection
	GlobalSection(ExtensibilityGlobals) = postSolution
		SolutionGuid = {0BA6EDAC-A088-4C30-B426-0F4E2533E0F5}
	EndGlobalSection
EndGlobal
